// !$*UTF8*$!
{
	archiveVersion = 1;
	classes = {
	};
	objectVersion = 46;
	objects = {

/* Begin PBXBuildFile section */
		FC5A08AC1B4EA939000E31E7 /* InterfaceController.swift in Sources */ = {isa = PBXBuildFile; fileRef = FC5A08AB1B4EA939000E31E7 /* InterfaceController.swift */; };
		FC5A08AE1B4EA939000E31E7 /* Images.xcassets in Resources */ = {isa = PBXBuildFile; fileRef = FC5A08AD1B4EA939000E31E7 /* Images.xcassets */; };
		FC5A08B21B4EA939000E31E7 /* Factorator WatchKit App.app in Resources */ = {isa = PBXBuildFile; fileRef = FC5A08B11B4EA939000E31E7 /* Factorator WatchKit App.app */; };
		FC5A08BA1B4EA939000E31E7 /* Interface.storyboard in Resources */ = {isa = PBXBuildFile; fileRef = FC5A08B81B4EA939000E31E7 /* Interface.storyboard */; };
		FC5A08BC1B4EA939000E31E7 /* Images.xcassets in Resources */ = {isa = PBXBuildFile; fileRef = FC5A08BB1B4EA939000E31E7 /* Images.xcassets */; };
		FC5A08BF1B4EA93A000E31E7 /* Factorator WatchKit Extension.appex in Embed App Extensions */ = {isa = PBXBuildFile; fileRef = FC5A08A71B4EA939000E31E7 /* Factorator WatchKit Extension.appex */; settings = {ATTRIBUTES = (RemoveHeadersOnCopy, ); }; };
		FC8CCDAA1A7FB0FF00374C31 /* AppDelegate.swift in Sources */ = {isa = PBXBuildFile; fileRef = FC8CCDA91A7FB0FF00374C31 /* AppDelegate.swift */; };
		FC8CCDAC1A7FB0FF00374C31 /* ViewController.swift in Sources */ = {isa = PBXBuildFile; fileRef = FC8CCDAB1A7FB0FF00374C31 /* ViewController.swift */; };
		FC8CCDAF1A7FB0FF00374C31 /* Main.storyboard in Resources */ = {isa = PBXBuildFile; fileRef = FC8CCDAD1A7FB0FF00374C31 /* Main.storyboard */; };
		FC8CCDB11A7FB0FF00374C31 /* Images.xcassets in Resources */ = {isa = PBXBuildFile; fileRef = FC8CCDB01A7FB0FF00374C31 /* Images.xcassets */; };
		FC8CCDCA1A7FCC1E00374C31 /* FactBook.swift in Sources */ = {isa = PBXBuildFile; fileRef = FC8CCDC91A7FCC1E00374C31 /* FactBook.swift */; };
		FC8CCDCE1A7FD8AD00374C31 /* ColorPicker.swift in Sources */ = {isa = PBXBuildFile; fileRef = FC8CCDCD1A7FD8AD00374C31 /* ColorPicker.swift */; };
/* End PBXBuildFile section */

/* Begin PBXContainerItemProxy section */
		FC5A08B31B4EA939000E31E7 /* PBXContainerItemProxy */ = {
			isa = PBXContainerItemProxy;
			containerPortal = FC8CCD9C1A7FB0FF00374C31 /* Project object */;
			proxyType = 1;
			remoteGlobalIDString = FC5A08B01B4EA939000E31E7;
			remoteInfo = "Factorator WatchKit App";
		};
		FC5A08BD1B4EA93A000E31E7 /* PBXContainerItemProxy */ = {
			isa = PBXContainerItemProxy;
			containerPortal = FC8CCD9C1A7FB0FF00374C31 /* Project object */;
			proxyType = 1;
			remoteGlobalIDString = FC5A08A61B4EA939000E31E7;
			remoteInfo = "Factorator WatchKit Extension";
		};
/* End PBXContainerItemProxy section */

/* Begin PBXCopyFilesBuildPhase section */
		FC23967B1B4E789300AC759E /* Embed Frameworks */ = {
			isa = PBXCopyFilesBuildPhase;
			buildActionMask = 2147483647;
			dstPath = "";
			dstSubfolderSpec = 10;
			files = (
			);
			name = "Embed Frameworks";
			runOnlyForDeploymentPostprocessing = 0;
		};
		FC6E05241A9CFA45001F04DA /* Embed App Extensions */ = {
			isa = PBXCopyFilesBuildPhase;
			buildActionMask = 2147483647;
			dstPath = "";
			dstSubfolderSpec = 13;
			files = (
				FC5A08BF1B4EA93A000E31E7 /* Factorator WatchKit Extension.appex in Embed App Extensions */,
			);
			name = "Embed App Extensions";
			runOnlyForDeploymentPostprocessing = 0;
		};
/* End PBXCopyFilesBuildPhase section */

/* Begin PBXFileReference section */
		FC5A08A71B4EA939000E31E7 /* Factorator WatchKit Extension.appex */ = {isa = PBXFileReference; explicitFileType = "wrapper.app-extension"; includeInIndex = 0; path = "Factorator WatchKit Extension.appex"; sourceTree = BUILT_PRODUCTS_DIR; };
		FC5A08AA1B4EA939000E31E7 /* Info.plist */ = {isa = PBXFileReference; lastKnownFileType = text.plist.xml; path = Info.plist; sourceTree = "<group>"; };
		FC5A08AB1B4EA939000E31E7 /* InterfaceController.swift */ = {isa = PBXFileReference; lastKnownFileType = sourcecode.swift; path = InterfaceController.swift; sourceTree = "<group>"; };
		FC5A08AD1B4EA939000E31E7 /* Images.xcassets */ = {isa = PBXFileReference; lastKnownFileType = folder.assetcatalog; path = Images.xcassets; sourceTree = "<group>"; };
		FC5A08B11B4EA939000E31E7 /* Factorator WatchKit App.app */ = {isa = PBXFileReference; explicitFileType = wrapper.application; includeInIndex = 0; path = "Factorator WatchKit App.app"; sourceTree = BUILT_PRODUCTS_DIR; };
		FC5A08B71B4EA939000E31E7 /* Info.plist */ = {isa = PBXFileReference; lastKnownFileType = text.plist.xml; path = Info.plist; sourceTree = "<group>"; };
		FC5A08B91B4EA939000E31E7 /* Base */ = {isa = PBXFileReference; lastKnownFileType = file.storyboard; name = Base; path = Base.lproj/Interface.storyboard; sourceTree = "<group>"; };
		FC5A08BB1B4EA939000E31E7 /* Images.xcassets */ = {isa = PBXFileReference; lastKnownFileType = folder.assetcatalog; path = Images.xcassets; sourceTree = "<group>"; };
		FC8CCDA41A7FB0FF00374C31 /* Factorator.app */ = {isa = PBXFileReference; explicitFileType = wrapper.application; includeInIndex = 0; path = Factorator.app; sourceTree = BUILT_PRODUCTS_DIR; };
		FC8CCDA81A7FB0FF00374C31 /* Info.plist */ = {isa = PBXFileReference; lastKnownFileType = text.plist.xml; path = Info.plist; sourceTree = "<group>"; };
		FC8CCDA91A7FB0FF00374C31 /* AppDelegate.swift */ = {isa = PBXFileReference; lastKnownFileType = sourcecode.swift; path = AppDelegate.swift; sourceTree = "<group>"; };
		FC8CCDAB1A7FB0FF00374C31 /* ViewController.swift */ = {isa = PBXFileReference; lastKnownFileType = sourcecode.swift; path = ViewController.swift; sourceTree = "<group>"; };
		FC8CCDAE1A7FB0FF00374C31 /* Base */ = {isa = PBXFileReference; lastKnownFileType = file.storyboard; name = Base; path = Base.lproj/Main.storyboard; sourceTree = "<group>"; };
		FC8CCDB01A7FB0FF00374C31 /* Images.xcassets */ = {isa = PBXFileReference; lastKnownFileType = folder.assetcatalog; path = Images.xcassets; sourceTree = "<group>"; };
		FC8CCDC91A7FCC1E00374C31 /* FactBook.swift */ = {isa = PBXFileReference; fileEncoding = 4; lastKnownFileType = sourcecode.swift; name = FactBook.swift; path = ../FactBook.swift; sourceTree = "<group>"; };
		FC8CCDCD1A7FD8AD00374C31 /* ColorPicker.swift */ = {isa = PBXFileReference; fileEncoding = 4; lastKnownFileType = sourcecode.swift; path = ColorPicker.swift; sourceTree = "<group>"; };
/* End PBXFileReference section */

/* Begin PBXFrameworksBuildPhase section */
		FC5A08A41B4EA939000E31E7 /* Frameworks */ = {
			isa = PBXFrameworksBuildPhase;
			buildActionMask = 2147483647;
			files = (
			);
			runOnlyForDeploymentPostprocessing = 0;
		};
		FC8CCDA11A7FB0FF00374C31 /* Frameworks */ = {
			isa = PBXFrameworksBuildPhase;
			buildActionMask = 2147483647;
			files = (
			);
			runOnlyForDeploymentPostprocessing = 0;
		};
/* End PBXFrameworksBuildPhase section */

/* Begin PBXGroup section */
		FC5A08A81B4EA939000E31E7 /* Factorator WatchKit Extension */ = {
			isa = PBXGroup;
			children = (
				FC5A08AB1B4EA939000E31E7 /* InterfaceController.swift */,
				FC5A08AD1B4EA939000E31E7 /* Images.xcassets */,
				FC5A08A91B4EA939000E31E7 /* Supporting Files */,
			);
			path = "Factorator WatchKit Extension";
			sourceTree = "<group>";
		};
		FC5A08A91B4EA939000E31E7 /* Supporting Files */ = {
			isa = PBXGroup;
			children = (
				FC5A08AA1B4EA939000E31E7 /* Info.plist */,
			);
			name = "Supporting Files";
			sourceTree = "<group>";
		};
		FC5A08B51B4EA939000E31E7 /* Factorator WatchKit App */ = {
			isa = PBXGroup;
			children = (
				FC5A08B81B4EA939000E31E7 /* Interface.storyboard */,
				FC5A08BB1B4EA939000E31E7 /* Images.xcassets */,
				FC5A08B61B4EA939000E31E7 /* Supporting Files */,
			);
			path = "Factorator WatchKit App";
			sourceTree = "<group>";
		};
		FC5A08B61B4EA939000E31E7 /* Supporting Files */ = {
			isa = PBXGroup;
			children = (
				FC5A08B71B4EA939000E31E7 /* Info.plist */,
			);
			name = "Supporting Files";
			sourceTree = "<group>";
		};
		FC8CCD9B1A7FB0FF00374C31 = {
			isa = PBXGroup;
			children = (
				FC8CCDA61A7FB0FF00374C31 /* Factorator */,
				FC5A08A81B4EA939000E31E7 /* Factorator WatchKit Extension */,
				FC5A08B51B4EA939000E31E7 /* Factorator WatchKit App */,
				FC8CCDA51A7FB0FF00374C31 /* Products */,
			);
			sourceTree = "<group>";
		};
		FC8CCDA51A7FB0FF00374C31 /* Products */ = {
			isa = PBXGroup;
			children = (
				FC8CCDA41A7FB0FF00374C31 /* Factorator.app */,
				FC5A08A71B4EA939000E31E7 /* Factorator WatchKit Extension.appex */,
				FC5A08B11B4EA939000E31E7 /* Factorator WatchKit App.app */,
			);
			name = Products;
			sourceTree = "<group>";
		};
		FC8CCDA61A7FB0FF00374C31 /* Factorator */ = {
			isa = PBXGroup;
			children = (
				FC8CCDC91A7FCC1E00374C31 /* FactBook.swift */,
				FC8CCDCD1A7FD8AD00374C31 /* ColorPicker.swift */,
				FC8CCDA91A7FB0FF00374C31 /* AppDelegate.swift */,
				FC8CCDAB1A7FB0FF00374C31 /* ViewController.swift */,
				FC8CCDAD1A7FB0FF00374C31 /* Main.storyboard */,
				FC8CCDB01A7FB0FF00374C31 /* Images.xcassets */,
				FC8CCDA71A7FB0FF00374C31 /* Supporting Files */,
			);
			name = Factorator;
			path = "/Users/nickjones/Documents/My Apps/Factorator/Factorator";
			sourceTree = "<absolute>";
		};
		FC8CCDA71A7FB0FF00374C31 /* Supporting Files */ = {
			isa = PBXGroup;
			children = (
				FC8CCDA81A7FB0FF00374C31 /* Info.plist */,
			);
			name = "Supporting Files";
			sourceTree = "<group>";
		};
/* End PBXGroup section */

/* Begin PBXNativeTarget section */
		FC5A08A61B4EA939000E31E7 /* Factorator WatchKit Extension */ = {
			isa = PBXNativeTarget;
			buildConfigurationList = FC5A08C31B4EA93A000E31E7 /* Build configuration list for PBXNativeTarget "Factorator WatchKit Extension" */;
			buildPhases = (
				FC5A08A31B4EA939000E31E7 /* Sources */,
				FC5A08A41B4EA939000E31E7 /* Frameworks */,
				FC5A08A51B4EA939000E31E7 /* Resources */,
			);
			buildRules = (
			);
			dependencies = (
				FC5A08B41B4EA939000E31E7 /* PBXTargetDependency */,
			);
			name = "Factorator WatchKit Extension";
			productName = "Factorator WatchKit Extension";
			productReference = FC5A08A71B4EA939000E31E7 /* Factorator WatchKit Extension.appex */;
			productType = "com.apple.product-type.watchkit-extension";
		};
		FC5A08B01B4EA939000E31E7 /* Factorator WatchKit App */ = {
			isa = PBXNativeTarget;
			buildConfigurationList = FC5A08C01B4EA93A000E31E7 /* Build configuration list for PBXNativeTarget "Factorator WatchKit App" */;
			buildPhases = (
				FC5A08AF1B4EA939000E31E7 /* Resources */,
			);
			buildRules = (
			);
			dependencies = (
			);
			name = "Factorator WatchKit App";
			productName = "Factorator WatchKit App";
			productReference = FC5A08B11B4EA939000E31E7 /* Factorator WatchKit App.app */;
			productType = "com.apple.product-type.application.watchapp";
		};
		FC8CCDA31A7FB0FF00374C31 /* Factorator */ = {
			isa = PBXNativeTarget;
			buildConfigurationList = FC8CCDC31A7FB0FF00374C31 /* Build configuration list for PBXNativeTarget "Factorator" */;
			buildPhases = (
				FC8CCDA01A7FB0FF00374C31 /* Sources */,
				FC8CCDA11A7FB0FF00374C31 /* Frameworks */,
				FC8CCDA21A7FB0FF00374C31 /* Resources */,
				FC6E05241A9CFA45001F04DA /* Embed App Extensions */,
				FC23967B1B4E789300AC759E /* Embed Frameworks */,
			);
			buildRules = (
			);
			dependencies = (
				FC5A08BE1B4EA93A000E31E7 /* PBXTargetDependency */,
			);
			name = Factorator;
			productName = Factoid;
			productReference = FC8CCDA41A7FB0FF00374C31 /* Factorator.app */;
			productType = "com.apple.product-type.application";
		};
/* End PBXNativeTarget section */

/* Begin PBXProject section */
		FC8CCD9C1A7FB0FF00374C31 /* Project object */ = {
			isa = PBXProject;
			attributes = {
				LastSwiftUpdateCheck = 0700;
				LastUpgradeCheck = 0610;
				ORGANIZATIONNAME = "Nick Jones";
				TargetAttributes = {
					FC5A08A61B4EA939000E31E7 = {
						CreatedOnToolsVersion = 6.4;
						DevelopmentTeam = Q5LYGJE7L5;
					};
					FC5A08B01B4EA939000E31E7 = {
						CreatedOnToolsVersion = 6.4;
					};
					FC8CCDA31A7FB0FF00374C31 = {
						CreatedOnToolsVersion = 6.1;
						DevelopmentTeam = Q5LYGJE7L5;
					};
				};
			};
			buildConfigurationList = FC8CCD9F1A7FB0FF00374C31 /* Build configuration list for PBXProject "Factorator" */;
			compatibilityVersion = "Xcode 3.2";
			developmentRegion = English;
			hasScannedForEncodings = 0;
			knownRegions = (
				en,
				Base,
			);
			mainGroup = FC8CCD9B1A7FB0FF00374C31;
			productRefGroup = FC8CCDA51A7FB0FF00374C31 /* Products */;
			projectDirPath = "";
			projectRoot = "";
			targets = (
				FC8CCDA31A7FB0FF00374C31 /* Factorator */,
				FC5A08A61B4EA939000E31E7 /* Factorator WatchKit Extension */,
				FC5A08B01B4EA939000E31E7 /* Factorator WatchKit App */,
			);
		};
/* End PBXProject section */

/* Begin PBXResourcesBuildPhase section */
		FC5A08A51B4EA939000E31E7 /* Resources */ = {
			isa = PBXResourcesBuildPhase;
			buildActionMask = 2147483647;
			files = (
				FC5A08AE1B4EA939000E31E7 /* Images.xcassets in Resources */,
				FC5A08B21B4EA939000E31E7 /* Factorator WatchKit App.app in Resources */,
			);
			runOnlyForDeploymentPostprocessing = 0;
		};
		FC5A08AF1B4EA939000E31E7 /* Resources */ = {
			isa = PBXResourcesBuildPhase;
			buildActionMask = 2147483647;
			files = (
				FC5A08BA1B4EA939000E31E7 /* Interface.storyboard in Resources */,
				FC5A08BC1B4EA939000E31E7 /* Images.xcassets in Resources */,
			);
			runOnlyForDeploymentPostprocessing = 0;
		};
		FC8CCDA21A7FB0FF00374C31 /* Resources */ = {
			isa = PBXResourcesBuildPhase;
			buildActionMask = 2147483647;
			files = (
				FC8CCDAF1A7FB0FF00374C31 /* Main.storyboard in Resources */,
				FC8CCDB11A7FB0FF00374C31 /* Images.xcassets in Resources */,
			);
			runOnlyForDeploymentPostprocessing = 0;
		};
/* End PBXResourcesBuildPhase section */

/* Begin PBXSourcesBuildPhase section */
		FC5A08A31B4EA939000E31E7 /* Sources */ = {
			isa = PBXSourcesBuildPhase;
			buildActionMask = 2147483647;
			files = (
				FC5A08AC1B4EA939000E31E7 /* InterfaceController.swift in Sources */,
			);
			runOnlyForDeploymentPostprocessing = 0;
		};
		FC8CCDA01A7FB0FF00374C31 /* Sources */ = {
			isa = PBXSourcesBuildPhase;
			buildActionMask = 2147483647;
			files = (
				FC8CCDCA1A7FCC1E00374C31 /* FactBook.swift in Sources */,
				FC8CCDCE1A7FD8AD00374C31 /* ColorPicker.swift in Sources */,
				FC8CCDAC1A7FB0FF00374C31 /* ViewController.swift in Sources */,
				FC8CCDAA1A7FB0FF00374C31 /* AppDelegate.swift in Sources */,
			);
			runOnlyForDeploymentPostprocessing = 0;
		};
/* End PBXSourcesBuildPhase section */

/* Begin PBXTargetDependency section */
		FC5A08B41B4EA939000E31E7 /* PBXTargetDependency */ = {
			isa = PBXTargetDependency;
			target = FC5A08B01B4EA939000E31E7 /* Factorator WatchKit App */;
			targetProxy = FC5A08B31B4EA939000E31E7 /* PBXContainerItemProxy */;
		};
		FC5A08BE1B4EA93A000E31E7 /* PBXTargetDependency */ = {
			isa = PBXTargetDependency;
			target = FC5A08A61B4EA939000E31E7 /* Factorator WatchKit Extension */;
			targetProxy = FC5A08BD1B4EA93A000E31E7 /* PBXContainerItemProxy */;
		};
/* End PBXTargetDependency section */

/* Begin PBXVariantGroup section */
		FC5A08B81B4EA939000E31E7 /* Interface.storyboard */ = {
			isa = PBXVariantGroup;
			children = (
				FC5A08B91B4EA939000E31E7 /* Base */,
			);
			name = Interface.storyboard;
			sourceTree = "<group>";
		};
		FC8CCDAD1A7FB0FF00374C31 /* Main.storyboard */ = {
			isa = PBXVariantGroup;
			children = (
				FC8CCDAE1A7FB0FF00374C31 /* Base */,
			);
			name = Main.storyboard;
			sourceTree = "<group>";
		};
/* End PBXVariantGroup section */

/* Begin XCBuildConfiguration section */
		FC5A08C11B4EA93A000E31E7 /* Debug */ = {
			isa = XCBuildConfiguration;
			buildSettings = {
				ASSETCATALOG_COMPILER_APPICON_NAME = AppIcon;
				DEBUG_INFORMATION_FORMAT = "dwarf-with-dsym";
				GCC_NO_COMMON_BLOCKS = YES;
				GCC_PREPROCESSOR_DEFINITIONS = (
					"DEBUG=1",
					"$(inherited)",
				);
				IBSC_MODULE = Factorator_WatchKit_Extension;
				INFOPLIST_FILE = "Factorator WatchKit App/Info.plist";
				IPHONEOS_DEPLOYMENT_TARGET = 8.2;
				PRODUCT_NAME = "$(TARGET_NAME)";
				SKIP_INSTALL = YES;
				TARGETED_DEVICE_FAMILY = 4;
				"TARGETED_DEVICE_FAMILY[sdk=iphonesimulator*]" = "1,4";
			};
			name = Debug;
		};
		FC5A08C21B4EA93A000E31E7 /* Release */ = {
			isa = XCBuildConfiguration;
			buildSettings = {
				ASSETCATALOG_COMPILER_APPICON_NAME = AppIcon;
				COPY_PHASE_STRIP = NO;
				DEBUG_INFORMATION_FORMAT = "dwarf-with-dsym";
				GCC_NO_COMMON_BLOCKS = YES;
				IBSC_MODULE = Factorator_WatchKit_Extension;
				INFOPLIST_FILE = "Factorator WatchKit App/Info.plist";
				IPHONEOS_DEPLOYMENT_TARGET = 8.2;
				PRODUCT_NAME = "$(TARGET_NAME)";
				SKIP_INSTALL = YES;
				TARGETED_DEVICE_FAMILY = 4;
				"TARGETED_DEVICE_FAMILY[sdk=iphonesimulator*]" = "1,4";
			};
			name = Release;
		};
		FC5A08C41B4EA93A000E31E7 /* Debug */ = {
			isa = XCBuildConfiguration;
			buildSettings = {
				CODE_SIGN_IDENTITY = "iPhone Developer";
				DEBUG_INFORMATION_FORMAT = "dwarf-with-dsym";
				GCC_NO_COMMON_BLOCKS = YES;
				GCC_PREPROCESSOR_DEFINITIONS = (
					"DEBUG=1",
					"$(inherited)",
				);
				INFOPLIST_FILE = "Factorator WatchKit Extension/Info.plist";
				IPHONEOS_DEPLOYMENT_TARGET = 8.2;
				LD_RUNPATH_SEARCH_PATHS = "$(inherited) @executable_path/Frameworks @executable_path/../../Frameworks";
				PRODUCT_NAME = "${TARGET_NAME}";
				SKIP_INSTALL = YES;
			};
			name = Debug;
		};
		FC5A08C51B4EA93A000E31E7 /* Release */ = {
			isa = XCBuildConfiguration;
			buildSettings = {
				CODE_SIGN_IDENTITY = "iPhone Developer";
				COPY_PHASE_STRIP = NO;
				DEBUG_INFORMATION_FORMAT = "dwarf-with-dsym";
				GCC_NO_COMMON_BLOCKS = YES;
				INFOPLIST_FILE = "Factorator WatchKit Extension/Info.plist";
				IPHONEOS_DEPLOYMENT_TARGET = 8.2;
				LD_RUNPATH_SEARCH_PATHS = "$(inherited) @executable_path/Frameworks @executable_path/../../Frameworks";
				PRODUCT_NAME = "${TARGET_NAME}";
				SKIP_INSTALL = YES;
			};
			name = Release;
		};
		FC8CCDC11A7FB0FF00374C31 /* Debug */ = {
			isa = XCBuildConfiguration;
			buildSettings = {
				ALWAYS_SEARCH_USER_PATHS = NO;
				CLANG_CXX_LANGUAGE_STANDARD = "gnu++0x";
				CLANG_CXX_LIBRARY = "libc++";
				CLANG_ENABLE_MODULES = YES;
				CLANG_ENABLE_OBJC_ARC = YES;
				CLANG_WARN_BOOL_CONVERSION = YES;
				CLANG_WARN_CONSTANT_CONVERSION = YES;
				CLANG_WARN_DIRECT_OBJC_ISA_USAGE = YES_ERROR;
				CLANG_WARN_EMPTY_BODY = YES;
				CLANG_WARN_ENUM_CONVERSION = YES;
				CLANG_WARN_INT_CONVERSION = YES;
				CLANG_WARN_OBJC_ROOT_CLASS = YES_ERROR;
				CLANG_WARN_UNREACHABLE_CODE = YES;
				CLANG_WARN__DUPLICATE_METHOD_MATCH = YES;
				"CODE_SIGN_IDENTITY[sdk=iphoneos*]" = "iPhone Developer";
				COPY_PHASE_STRIP = NO;
				ENABLE_STRICT_OBJC_MSGSEND = YES;
				GCC_C_LANGUAGE_STANDARD = gnu99;
				GCC_DYNAMIC_NO_PIC = NO;
				GCC_OPTIMIZATION_LEVEL = 0;
				GCC_PREPROCESSOR_DEFINITIONS = (
					"DEBUG=1",
					"$(inherited)",
				);
				GCC_SYMBOLS_PRIVATE_EXTERN = NO;
				GCC_WARN_64_TO_32_BIT_CONVERSION = YES;
				GCC_WARN_ABOUT_RETURN_TYPE = YES_ERROR;
				GCC_WARN_UNDECLARED_SELECTOR = YES;
				GCC_WARN_UNINITIALIZED_AUTOS = YES_AGGRESSIVE;
				GCC_WARN_UNUSED_FUNCTION = YES;
				GCC_WARN_UNUSED_VARIABLE = YES;
				IPHONEOS_DEPLOYMENT_TARGET = 8.2;
				MTL_ENABLE_DEBUG_INFO = YES;
				ONLY_ACTIVE_ARCH = YES;
				PRODUCT_NAME = Factorator;
				SDKROOT = iphoneos;
				SWIFT_OPTIMIZATION_LEVEL = "-Onone";
			};
			name = Debug;
		};
		FC8CCDC21A7FB0FF00374C31 /* Release */ = {
			isa = XCBuildConfiguration;
			buildSettings = {
				ALWAYS_SEARCH_USER_PATHS = NO;
				CLANG_CXX_LANGUAGE_STANDARD = "gnu++0x";
				CLANG_CXX_LIBRARY = "libc++";
				CLANG_ENABLE_MODULES = YES;
				CLANG_ENABLE_OBJC_ARC = YES;
				CLANG_WARN_BOOL_CONVERSION = YES;
				CLANG_WARN_CONSTANT_CONVERSION = YES;
				CLANG_WARN_DIRECT_OBJC_ISA_USAGE = YES_ERROR;
				CLANG_WARN_EMPTY_BODY = YES;
				CLANG_WARN_ENUM_CONVERSION = YES;
				CLANG_WARN_INT_CONVERSION = YES;
				CLANG_WARN_OBJC_ROOT_CLASS = YES_ERROR;
				CLANG_WARN_UNREACHABLE_CODE = YES;
				CLANG_WARN__DUPLICATE_METHOD_MATCH = YES;
				"CODE_SIGN_IDENTITY[sdk=iphoneos*]" = "iPhone Developer";
				COPY_PHASE_STRIP = YES;
				ENABLE_NS_ASSERTIONS = NO;
				ENABLE_STRICT_OBJC_MSGSEND = YES;
				GCC_C_LANGUAGE_STANDARD = gnu99;
				GCC_WARN_64_TO_32_BIT_CONVERSION = YES;
				GCC_WARN_ABOUT_RETURN_TYPE = YES_ERROR;
				GCC_WARN_UNDECLARED_SELECTOR = YES;
				GCC_WARN_UNINITIALIZED_AUTOS = YES_AGGRESSIVE;
				GCC_WARN_UNUSED_FUNCTION = YES;
				GCC_WARN_UNUSED_VARIABLE = YES;
				IPHONEOS_DEPLOYMENT_TARGET = 8.2;
				MTL_ENABLE_DEBUG_INFO = NO;
				PRODUCT_NAME = Factorator;
				SDKROOT = iphoneos;
				VALIDATE_PRODUCT = YES;
			};
			name = Release;
		};
		FC8CCDC41A7FB0FF00374C31 /* Debug */ = {
			isa = XCBuildConfiguration;
			buildSettings = {
				ASSETCATALOG_COMPILER_APPICON_NAME = AppIcon;
				CODE_SIGN_IDENTITY = "iPhone Developer";
				EMBEDDED_CONTENT_CONTAINS_SWIFT = YES;
				INFOPLIST_FILE = Factorator/Info.plist;
				LD_RUNPATH_SEARCH_PATHS = "$(inherited) @executable_path/Frameworks";
				PRODUCT_NAME = Factorator;
			};
			name = Debug;
		};
		FC8CCDC51A7FB0FF00374C31 /* Release */ = {
			isa = XCBuildConfiguration;
			buildSettings = {
				ASSETCATALOG_COMPILER_APPICON_NAME = AppIcon;
				CODE_SIGN_IDENTITY = "iPhone Developer";
				EMBEDDED_CONTENT_CONTAINS_SWIFT = YES;
				INFOPLIST_FILE = Factorator/Info.plist;
				LD_RUNPATH_SEARCH_PATHS = "$(inherited) @executable_path/Frameworks";
				PRODUCT_NAME = Factorator;
			};
			name = Release;
		};
/* End XCBuildConfiguration section */

/* Begin XCConfigurationList section */
		FC5A08C01B4EA93A000E31E7 /* Build configuration list for PBXNativeTarget "Factorator WatchKit App" */ = {
			isa = XCConfigurationList;
			buildConfigurations = (
				FC5A08C11B4EA93A000E31E7 /* Debug */,
				FC5A08C21B4EA93A000E31E7 /* Release */,
			);
			defaultConfigurationIsVisible = 0;
		};
		FC5A08C31B4EA93A000E31E7 /* Build configuration list for PBXNativeTarget "Factorator WatchKit Extension" */ = {
			isa = XCConfigurationList;
			buildConfigurations = (
				FC5A08C41B4EA93A000E31E7 /* Debug */,
				FC5A08C51B4EA93A000E31E7 /* Release */,
			);
			defaultConfigurationIsVisible = 0;
		};
		FC8CCD9F1A7FB0FF00374C31 /* Build configuration list for PBXProject "Factorator" */ = {
			isa = XCConfigurationList;
			buildConfigurations = (
				FC8CCDC11A7FB0FF00374C31 /* Debug */,
				FC8CCDC21A7FB0FF00374C31 /* Release */,
			);
			defaultConfigurationIsVisible = 0;
			defaultConfigurationName = Release;
		};
		FC8CCDC31A7FB0FF00374C31 /* Build configuration list for PBXNativeTarget "Factorator" */ = {
			isa = XCConfigurationList;
			buildConfigurations = (
				FC8CCDC41A7FB0FF00374C31 /* Debug */,
				FC8CCDC51A7FB0FF00374C31 /* Release */,
			);
			defaultConfigurationIsVisible = 0;
			defaultConfigurationName = Release;
		};
/* End XCConfigurationList section */
	};
	rootObject = FC8CCD9C1A7FB0FF00374C31 /* Project object */;
}
